// !$*UTF8*$!
{
	archiveVersion = 1;
	classes = {
	};
	objectVersion = 56;
	objects = {

/* Begin PBXBuildFile section */
		FEE6E9B12B99D83A00B28646 /* GFItemInfoVC.swift in Sources */ = {isa = PBXBuildFile; fileRef = FEE6E9B02B99D83A00B28646 /* GFItemInfoVC.swift */; };
		FEE6E9B32B99DC7600B28646 /* GFRepoItemVC.swift in Sources */ = {isa = PBXBuildFile; fileRef = FEE6E9B22B99DC7600B28646 /* GFRepoItemVC.swift */; };
		FEE6E9B52B99E26300B28646 /* GFFollowerItemVC.swift in Sources */ = {isa = PBXBuildFile; fileRef = FEE6E9B42B99E26300B28646 /* GFFollowerItemVC.swift */; };
		FEE6E9B82B99E79100B28646 /* Date+Ext.swift in Sources */ = {isa = PBXBuildFile; fileRef = FEE6E9B72B99E79100B28646 /* Date+Ext.swift */; };
		FEE6E9BA2B99EAAB00B28646 /* String+Ext.swift in Sources */ = {isa = PBXBuildFile; fileRef = FEE6E9B92B99EAAB00B28646 /* String+Ext.swift */; };
		FEE6E9BD2B9B1FD100B28646 /* PersistenceManager.swift in Sources */ = {isa = PBXBuildFile; fileRef = FEE6E9BC2B9B1FD100B28646 /* PersistenceManager.swift */; };
		FEE6E9BF2B9B44DC00B28646 /* FavoritesCell.swift in Sources */ = {isa = PBXBuildFile; fileRef = FEE6E9BE2B9B44DC00B28646 /* FavoritesCell.swift */; };
		FEE85B0A2B7BC28900780317 /* AppDelegate.swift in Sources */ = {isa = PBXBuildFile; fileRef = FEE85B092B7BC28900780317 /* AppDelegate.swift */; };
		FEE85B0C2B7BC28900780317 /* SceneDelegate.swift in Sources */ = {isa = PBXBuildFile; fileRef = FEE85B0B2B7BC28900780317 /* SceneDelegate.swift */; };
		FEE85B132B7BC28B00780317 /* Assets.xcassets in Resources */ = {isa = PBXBuildFile; fileRef = FEE85B122B7BC28B00780317 /* Assets.xcassets */; };
		FEE85B162B7BC28B00780317 /* LaunchScreen.storyboard in Resources */ = {isa = PBXBuildFile; fileRef = FEE85B142B7BC28B00780317 /* LaunchScreen.storyboard */; };
		FEE85B202B7D362000780317 /* SearchVC.swift in Sources */ = {isa = PBXBuildFile; fileRef = FEE85B1F2B7D362000780317 /* SearchVC.swift */; };
		FEE85B222B7D369E00780317 /* FavoritesListVC.swift in Sources */ = {isa = PBXBuildFile; fileRef = FEE85B212B7D369E00780317 /* FavoritesListVC.swift */; };
		FEE85B242B7D47A800780317 /* GFButton.swift in Sources */ = {isa = PBXBuildFile; fileRef = FEE85B232B7D47A800780317 /* GFButton.swift */; };
		FEE85B262B7D5D3C00780317 /* GFTextField.swift in Sources */ = {isa = PBXBuildFile; fileRef = FEE85B252B7D5D3C00780317 /* GFTextField.swift */; };
		FEE85B282B7D7C9900780317 /* FollowerListVC.swift in Sources */ = {isa = PBXBuildFile; fileRef = FEE85B272B7D7C9900780317 /* FollowerListVC.swift */; };
		FEE85B2A2B7E51D400780317 /* GFTitleLabel.swift in Sources */ = {isa = PBXBuildFile; fileRef = FEE85B292B7E51D400780317 /* GFTitleLabel.swift */; };
		FEE85B2C2B7E538200780317 /* GFBodyLabel.swift in Sources */ = {isa = PBXBuildFile; fileRef = FEE85B2B2B7E538200780317 /* GFBodyLabel.swift */; };
		FEE85B2E2B7E59E700780317 /* GFAlertVC.swift in Sources */ = {isa = PBXBuildFile; fileRef = FEE85B2D2B7E59E700780317 /* GFAlertVC.swift */; };
		FEE85B302B7E70E800780317 /* UIViewController+Ext.swift in Sources */ = {isa = PBXBuildFile; fileRef = FEE85B2F2B7E70E800780317 /* UIViewController+Ext.swift */; };
		FEE85B372B7E8EA000780317 /* Follower.swift in Sources */ = {isa = PBXBuildFile; fileRef = FEE85B362B7E8EA000780317 /* Follower.swift */; };
		FEE85B392B7E927F00780317 /* User.swift in Sources */ = {isa = PBXBuildFile; fileRef = FEE85B382B7E927F00780317 /* User.swift */; };
		FEE85B3C2B7E9AD500780317 /* NetworkManager.swift in Sources */ = {isa = PBXBuildFile; fileRef = FEE85B3B2B7E9AD500780317 /* NetworkManager.swift */; };
		FEE85B3F2B7FAFB600780317 /* ErrorMessage.swift in Sources */ = {isa = PBXBuildFile; fileRef = FEE85B3E2B7FAFB600780317 /* ErrorMessage.swift */; };
		FEE85B422B7FC2F700780317 /* FollowerCell.swift in Sources */ = {isa = PBXBuildFile; fileRef = FEE85B412B7FC2F700780317 /* FollowerCell.swift */; };
		FEE85B442B7FC3A700780317 /* GFAvatarImageView.swift in Sources */ = {isa = PBXBuildFile; fileRef = FEE85B432B7FC3A700780317 /* GFAvatarImageView.swift */; };
		FEED42972B98E8A7006744E3 /* Constants.swift in Sources */ = {isa = PBXBuildFile; fileRef = FEED42962B98E8A7006744E3 /* Constants.swift */; };
		FEED42992B99312D006744E3 /* GFItemInfoView.swift in Sources */ = {isa = PBXBuildFile; fileRef = FEED42982B99312D006744E3 /* GFItemInfoView.swift */; };
		FEF1437A2B962E30009423BF /* UserInfoVC.swift in Sources */ = {isa = PBXBuildFile; fileRef = FEF143792B962E30009423BF /* UserInfoVC.swift */; };
		FEF1437C2B968CD1009423BF /* GFUserInfoHeaderVC.swift in Sources */ = {isa = PBXBuildFile; fileRef = FEF1437B2B968CD1009423BF /* GFUserInfoHeaderVC.swift */; };
		FEF1437E2B968DF9009423BF /* GFSecondaryTitleLabel.swift in Sources */ = {isa = PBXBuildFile; fileRef = FEF1437D2B968DF9009423BF /* GFSecondaryTitleLabel.swift */; };
		FEF3E3A22B8164DB006F2A65 /* UIHelper.swift in Sources */ = {isa = PBXBuildFile; fileRef = FEF3E3A12B8164DB006F2A65 /* UIHelper.swift */; };
		FEF3E3AA2B83CC8F006F2A65 /* GFEmptyStateView.swift in Sources */ = {isa = PBXBuildFile; fileRef = FEF3E3A92B83CC8F006F2A65 /* GFEmptyStateView.swift */; };
/* End PBXBuildFile section */

/* Begin PBXFileReference section */
		FEE6E9B02B99D83A00B28646 /* GFItemInfoVC.swift */ = {isa = PBXFileReference; lastKnownFileType = sourcecode.swift; path = GFItemInfoVC.swift; sourceTree = "<group>"; };
		FEE6E9B22B99DC7600B28646 /* GFRepoItemVC.swift */ = {isa = PBXFileReference; lastKnownFileType = sourcecode.swift; path = GFRepoItemVC.swift; sourceTree = "<group>"; };
		FEE6E9B42B99E26300B28646 /* GFFollowerItemVC.swift */ = {isa = PBXFileReference; lastKnownFileType = sourcecode.swift; path = GFFollowerItemVC.swift; sourceTree = "<group>"; };
		FEE6E9B72B99E79100B28646 /* Date+Ext.swift */ = {isa = PBXFileReference; lastKnownFileType = sourcecode.swift; path = "Date+Ext.swift"; sourceTree = "<group>"; };
		FEE6E9B92B99EAAB00B28646 /* String+Ext.swift */ = {isa = PBXFileReference; lastKnownFileType = sourcecode.swift; path = "String+Ext.swift"; sourceTree = "<group>"; };
		FEE6E9BC2B9B1FD100B28646 /* PersistenceManager.swift */ = {isa = PBXFileReference; lastKnownFileType = sourcecode.swift; path = PersistenceManager.swift; sourceTree = "<group>"; };
		FEE6E9BE2B9B44DC00B28646 /* FavoritesCell.swift */ = {isa = PBXFileReference; lastKnownFileType = sourcecode.swift; path = FavoritesCell.swift; sourceTree = "<group>"; };
		FEE85B062B7BC28900780317 /* GitHubFollowers.app */ = {isa = PBXFileReference; explicitFileType = wrapper.application; includeInIndex = 0; path = GitHubFollowers.app; sourceTree = BUILT_PRODUCTS_DIR; };
		FEE85B092B7BC28900780317 /* AppDelegate.swift */ = {isa = PBXFileReference; lastKnownFileType = sourcecode.swift; path = AppDelegate.swift; sourceTree = "<group>"; };
		FEE85B0B2B7BC28900780317 /* SceneDelegate.swift */ = {isa = PBXFileReference; lastKnownFileType = sourcecode.swift; path = SceneDelegate.swift; sourceTree = "<group>"; };
		FEE85B122B7BC28B00780317 /* Assets.xcassets */ = {isa = PBXFileReference; lastKnownFileType = folder.assetcatalog; path = Assets.xcassets; sourceTree = "<group>"; };
		FEE85B152B7BC28B00780317 /* Base */ = {isa = PBXFileReference; lastKnownFileType = file.storyboard; name = Base; path = Base.lproj/LaunchScreen.storyboard; sourceTree = "<group>"; };
		FEE85B172B7BC28B00780317 /* Info.plist */ = {isa = PBXFileReference; lastKnownFileType = text.plist.xml; path = Info.plist; sourceTree = "<group>"; };
		FEE85B1F2B7D362000780317 /* SearchVC.swift */ = {isa = PBXFileReference; lastKnownFileType = sourcecode.swift; path = SearchVC.swift; sourceTree = "<group>"; };
		FEE85B212B7D369E00780317 /* FavoritesListVC.swift */ = {isa = PBXFileReference; lastKnownFileType = sourcecode.swift; path = FavoritesListVC.swift; sourceTree = "<group>"; };
		FEE85B232B7D47A800780317 /* GFButton.swift */ = {isa = PBXFileReference; lastKnownFileType = sourcecode.swift; path = GFButton.swift; sourceTree = "<group>"; };
		FEE85B252B7D5D3C00780317 /* GFTextField.swift */ = {isa = PBXFileReference; lastKnownFileType = sourcecode.swift; path = GFTextField.swift; sourceTree = "<group>"; };
		FEE85B272B7D7C9900780317 /* FollowerListVC.swift */ = {isa = PBXFileReference; lastKnownFileType = sourcecode.swift; path = FollowerListVC.swift; sourceTree = "<group>"; };
		FEE85B292B7E51D400780317 /* GFTitleLabel.swift */ = {isa = PBXFileReference; lastKnownFileType = sourcecode.swift; path = GFTitleLabel.swift; sourceTree = "<group>"; };
		FEE85B2B2B7E538200780317 /* GFBodyLabel.swift */ = {isa = PBXFileReference; lastKnownFileType = sourcecode.swift; path = GFBodyLabel.swift; sourceTree = "<group>"; };
		FEE85B2D2B7E59E700780317 /* GFAlertVC.swift */ = {isa = PBXFileReference; lastKnownFileType = sourcecode.swift; path = GFAlertVC.swift; sourceTree = "<group>"; };
		FEE85B2F2B7E70E800780317 /* UIViewController+Ext.swift */ = {isa = PBXFileReference; lastKnownFileType = sourcecode.swift; path = "UIViewController+Ext.swift"; sourceTree = "<group>"; };
		FEE85B362B7E8EA000780317 /* Follower.swift */ = {isa = PBXFileReference; lastKnownFileType = sourcecode.swift; path = Follower.swift; sourceTree = "<group>"; };
		FEE85B382B7E927F00780317 /* User.swift */ = {isa = PBXFileReference; lastKnownFileType = sourcecode.swift; path = User.swift; sourceTree = "<group>"; };
		FEE85B3B2B7E9AD500780317 /* NetworkManager.swift */ = {isa = PBXFileReference; lastKnownFileType = sourcecode.swift; path = NetworkManager.swift; sourceTree = "<group>"; };
		FEE85B3E2B7FAFB600780317 /* ErrorMessage.swift */ = {isa = PBXFileReference; lastKnownFileType = sourcecode.swift; path = ErrorMessage.swift; sourceTree = "<group>"; };
		FEE85B412B7FC2F700780317 /* FollowerCell.swift */ = {isa = PBXFileReference; lastKnownFileType = sourcecode.swift; path = FollowerCell.swift; sourceTree = "<group>"; };
		FEE85B432B7FC3A700780317 /* GFAvatarImageView.swift */ = {isa = PBXFileReference; lastKnownFileType = sourcecode.swift; path = GFAvatarImageView.swift; sourceTree = "<group>"; };
		FEED42962B98E8A7006744E3 /* Constants.swift */ = {isa = PBXFileReference; lastKnownFileType = sourcecode.swift; path = Constants.swift; sourceTree = "<group>"; };
		FEED42982B99312D006744E3 /* GFItemInfoView.swift */ = {isa = PBXFileReference; lastKnownFileType = sourcecode.swift; path = GFItemInfoView.swift; sourceTree = "<group>"; };
		FEF143792B962E30009423BF /* UserInfoVC.swift */ = {isa = PBXFileReference; lastKnownFileType = sourcecode.swift; path = UserInfoVC.swift; sourceTree = "<group>"; };
		FEF1437B2B968CD1009423BF /* GFUserInfoHeaderVC.swift */ = {isa = PBXFileReference; lastKnownFileType = sourcecode.swift; path = GFUserInfoHeaderVC.swift; sourceTree = "<group>"; };
		FEF1437D2B968DF9009423BF /* GFSecondaryTitleLabel.swift */ = {isa = PBXFileReference; lastKnownFileType = sourcecode.swift; path = GFSecondaryTitleLabel.swift; sourceTree = "<group>"; };
		FEF3E3A12B8164DB006F2A65 /* UIHelper.swift */ = {isa = PBXFileReference; lastKnownFileType = sourcecode.swift; path = UIHelper.swift; sourceTree = "<group>"; };
		FEF3E3A92B83CC8F006F2A65 /* GFEmptyStateView.swift */ = {isa = PBXFileReference; lastKnownFileType = sourcecode.swift; path = GFEmptyStateView.swift; sourceTree = "<group>"; };
/* End PBXFileReference section */

/* Begin PBXFrameworksBuildPhase section */
		FEE85B032B7BC28900780317 /* Frameworks */ = {
			isa = PBXFrameworksBuildPhase;
			buildActionMask = 2147483647;
			files = (
			);
			runOnlyForDeploymentPostprocessing = 0;
		};
/* End PBXFrameworksBuildPhase section */

/* Begin PBXGroup section */
		FEE6E9B62B99E2F000B28646 /* ItemInfoVCs */ = {
			isa = PBXGroup;
			children = (
				FEE6E9B02B99D83A00B28646 /* GFItemInfoVC.swift */,
				FEE6E9B22B99DC7600B28646 /* GFRepoItemVC.swift */,
				FEE6E9B42B99E26300B28646 /* GFFollowerItemVC.swift */,
			);
			path = ItemInfoVCs;
			sourceTree = "<group>";
		};
		FEE85AFD2B7BC28900780317 = {
			isa = PBXGroup;
			children = (
				FEE85B082B7BC28900780317 /* GitHubFollowers */,
				FEE85B072B7BC28900780317 /* Products */,
			);
			sourceTree = "<group>";
		};
		FEE85B072B7BC28900780317 /* Products */ = {
			isa = PBXGroup;
			children = (
				FEE85B062B7BC28900780317 /* GitHubFollowers.app */,
			);
			name = Products;
			sourceTree = "<group>";
		};
		FEE85B082B7BC28900780317 /* GitHubFollowers */ = {
			isa = PBXGroup;
			children = (
				FEE85B3D2B7FAFA100780317 /* Utilities */,
				FEE85B3A2B7E9ABD00780317 /* Managers */,
				FEE85B172B7BC28B00780317 /* Info.plist */,
				FEE85B352B7E8E8000780317 /* Model */,
				FEE85B342B7E82A200780317 /* Support */,
				FEE85B312B7E7FC300780317 /* Screens */,
				FEE85B322B7E81FA00780317 /* Custom Views */,
				FEE85B332B7E823A00780317 /* Extensions */,
			);
			path = GitHubFollowers;
			sourceTree = "<group>";
		};
		FEE85B312B7E7FC300780317 /* Screens */ = {
			isa = PBXGroup;
			children = (
				FEE85B1F2B7D362000780317 /* SearchVC.swift */,
				FEE85B212B7D369E00780317 /* FavoritesListVC.swift */,
				FEE85B272B7D7C9900780317 /* FollowerListVC.swift */,
				FEF143792B962E30009423BF /* UserInfoVC.swift */,
			);
			path = Screens;
			sourceTree = "<group>";
		};
		FEE85B322B7E81FA00780317 /* Custom Views */ = {
			isa = PBXGroup;
			children = (
				FEF3E3A82B83CC12006F2A65 /* ViewControllers */,
				FEF3E3A72B83CC03006F2A65 /* ImageViews */,
				FEF3E3A62B83CBEE006F2A65 /* TextFields */,
				FEF3E3A52B83CBAB006F2A65 /* Labels */,
				FEF3E3A42B83CB92006F2A65 /* Views */,
				FEF3E3A32B83CB87006F2A65 /* Buttons */,
				FEE85B402B7FC2A700780317 /* Cells */,
			);
			path = "Custom Views";
			sourceTree = "<group>";
		};
		FEE85B332B7E823A00780317 /* Extensions */ = {
			isa = PBXGroup;
			children = (
				FEE85B2F2B7E70E800780317 /* UIViewController+Ext.swift */,
				FEE6E9B72B99E79100B28646 /* Date+Ext.swift */,
				FEE6E9B92B99EAAB00B28646 /* String+Ext.swift */,
			);
			path = Extensions;
			sourceTree = "<group>";
		};
		FEE85B342B7E82A200780317 /* Support */ = {
			isa = PBXGroup;
			children = (
				FEE85B092B7BC28900780317 /* AppDelegate.swift */,
				FEE85B0B2B7BC28900780317 /* SceneDelegate.swift */,
				FEE85B122B7BC28B00780317 /* Assets.xcassets */,
				FEE85B142B7BC28B00780317 /* LaunchScreen.storyboard */,
			);
			path = Support;
			sourceTree = "<group>";
		};
		FEE85B352B7E8E8000780317 /* Model */ = {
			isa = PBXGroup;
			children = (
				FEE85B362B7E8EA000780317 /* Follower.swift */,
				FEE85B382B7E927F00780317 /* User.swift */,
			);
			path = Model;
			sourceTree = "<group>";
		};
		FEE85B3A2B7E9ABD00780317 /* Managers */ = {
			isa = PBXGroup;
			children = (
				FEE85B3B2B7E9AD500780317 /* NetworkManager.swift */,
				FEE6E9BC2B9B1FD100B28646 /* PersistenceManager.swift */,
			);
			path = Managers;
			sourceTree = "<group>";
		};
		FEE85B3D2B7FAFA100780317 /* Utilities */ = {
			isa = PBXGroup;
			children = (
				FEE85B3E2B7FAFB600780317 /* ErrorMessage.swift */,
				FEF3E3A12B8164DB006F2A65 /* UIHelper.swift */,
				FEED42962B98E8A7006744E3 /* Constants.swift */,
			);
			path = Utilities;
			sourceTree = "<group>";
		};
		FEE85B402B7FC2A700780317 /* Cells */ = {
			isa = PBXGroup;
			children = (
				FEE85B412B7FC2F700780317 /* FollowerCell.swift */,
				FEE6E9BE2B9B44DC00B28646 /* FavoritesCell.swift */,
			);
			path = Cells;
			sourceTree = "<group>";
		};
		FEF3E3A32B83CB87006F2A65 /* Buttons */ = {
			isa = PBXGroup;
			children = (
				FEE85B232B7D47A800780317 /* GFButton.swift */,
			);
			path = Buttons;
			sourceTree = "<group>";
		};
		FEF3E3A42B83CB92006F2A65 /* Views */ = {
			isa = PBXGroup;
			children = (
				FEF3E3A92B83CC8F006F2A65 /* GFEmptyStateView.swift */,
				FEED42982B99312D006744E3 /* GFItemInfoView.swift */,
			);
			path = Views;
			sourceTree = "<group>";
		};
		FEF3E3A52B83CBAB006F2A65 /* Labels */ = {
			isa = PBXGroup;
			children = (
				FEE85B292B7E51D400780317 /* GFTitleLabel.swift */,
				FEE85B2B2B7E538200780317 /* GFBodyLabel.swift */,
				FEF1437D2B968DF9009423BF /* GFSecondaryTitleLabel.swift */,
			);
			path = Labels;
			sourceTree = "<group>";
		};
		FEF3E3A62B83CBEE006F2A65 /* TextFields */ = {
			isa = PBXGroup;
			children = (
				FEE85B252B7D5D3C00780317 /* GFTextField.swift */,
			);
			path = TextFields;
			sourceTree = "<group>";
		};
		FEF3E3A72B83CC03006F2A65 /* ImageViews */ = {
			isa = PBXGroup;
			children = (
				FEE85B432B7FC3A700780317 /* GFAvatarImageView.swift */,
			);
			path = ImageViews;
			sourceTree = "<group>";
		};
		FEF3E3A82B83CC12006F2A65 /* ViewControllers */ = {
			isa = PBXGroup;
			children = (
				FEE6E9B62B99E2F000B28646 /* ItemInfoVCs */,
				FEE85B2D2B7E59E700780317 /* GFAlertVC.swift */,
				FEF1437B2B968CD1009423BF /* GFUserInfoHeaderVC.swift */,
			);
			path = ViewControllers;
			sourceTree = "<group>";
		};
/* End PBXGroup section */

/* Begin PBXNativeTarget section */
		FEE85B052B7BC28900780317 /* GitHubFollowers */ = {
			isa = PBXNativeTarget;
			buildConfigurationList = FEE85B1A2B7BC28B00780317 /* Build configuration list for PBXNativeTarget "GitHubFollowers" */;
			buildPhases = (
				FEE85B022B7BC28900780317 /* Sources */,
				FEE85B032B7BC28900780317 /* Frameworks */,
				FEE85B042B7BC28900780317 /* Resources */,
			);
			buildRules = (
			);
			dependencies = (
			);
			name = GitHubFollowers;
			productName = GitHubFollowers;
			productReference = FEE85B062B7BC28900780317 /* GitHubFollowers.app */;
			productType = "com.apple.product-type.application";
		};
/* End PBXNativeTarget section */

/* Begin PBXProject section */
		FEE85AFE2B7BC28900780317 /* Project object */ = {
			isa = PBXProject;
			attributes = {
				BuildIndependentTargetsInParallel = 1;
				LastSwiftUpdateCheck = 1520;
				LastUpgradeCheck = 1520;
				TargetAttributes = {
					FEE85B052B7BC28900780317 = {
						CreatedOnToolsVersion = 15.2;
					};
				};
			};
			buildConfigurationList = FEE85B012B7BC28900780317 /* Build configuration list for PBXProject "GitHubFollowers" */;
			compatibilityVersion = "Xcode 14.0";
			developmentRegion = en;
			hasScannedForEncodings = 0;
			knownRegions = (
				en,
				Base,
			);
			mainGroup = FEE85AFD2B7BC28900780317;
			productRefGroup = FEE85B072B7BC28900780317 /* Products */;
			projectDirPath = "";
			projectRoot = "";
			targets = (
				FEE85B052B7BC28900780317 /* GitHubFollowers */,
			);
		};
/* End PBXProject section */

/* Begin PBXResourcesBuildPhase section */
		FEE85B042B7BC28900780317 /* Resources */ = {
			isa = PBXResourcesBuildPhase;
			buildActionMask = 2147483647;
			files = (
				FEE85B162B7BC28B00780317 /* LaunchScreen.storyboard in Resources */,
				FEE85B132B7BC28B00780317 /* Assets.xcassets in Resources */,
			);
			runOnlyForDeploymentPostprocessing = 0;
		};
/* End PBXResourcesBuildPhase section */

/* Begin PBXSourcesBuildPhase section */
		FEE85B022B7BC28900780317 /* Sources */ = {
			isa = PBXSourcesBuildPhase;
			buildActionMask = 2147483647;
			files = (
				FEE85B392B7E927F00780317 /* User.swift in Sources */,
				FEE85B262B7D5D3C00780317 /* GFTextField.swift in Sources */,
				FEE6E9BF2B9B44DC00B28646 /* FavoritesCell.swift in Sources */,
				FEE85B222B7D369E00780317 /* FavoritesListVC.swift in Sources */,
				FEE6E9BA2B99EAAB00B28646 /* String+Ext.swift in Sources */,
				FEE85B242B7D47A800780317 /* GFButton.swift in Sources */,
				FEE85B302B7E70E800780317 /* UIViewController+Ext.swift in Sources */,
				FEF3E3A22B8164DB006F2A65 /* UIHelper.swift in Sources */,
				FEE6E9B12B99D83A00B28646 /* GFItemInfoVC.swift in Sources */,
				FEED42972B98E8A7006744E3 /* Constants.swift in Sources */,
				FEE85B442B7FC3A700780317 /* GFAvatarImageView.swift in Sources */,
				FEE85B202B7D362000780317 /* SearchVC.swift in Sources */,
				FEE85B2E2B7E59E700780317 /* GFAlertVC.swift in Sources */,
				FEE6E9B52B99E26300B28646 /* GFFollowerItemVC.swift in Sources */,
				FEED42992B99312D006744E3 /* GFItemInfoView.swift in Sources */,
				FEE85B422B7FC2F700780317 /* FollowerCell.swift in Sources */,
				FEE85B3F2B7FAFB600780317 /* ErrorMessage.swift in Sources */,
				FEF1437C2B968CD1009423BF /* GFUserInfoHeaderVC.swift in Sources */,
				FEE85B2C2B7E538200780317 /* GFBodyLabel.swift in Sources */,
				FEE85B372B7E8EA000780317 /* Follower.swift in Sources */,
				FEE85B2A2B7E51D400780317 /* GFTitleLabel.swift in Sources */,
				FEE6E9B82B99E79100B28646 /* Date+Ext.swift in Sources */,
				FEE6E9BD2B9B1FD100B28646 /* PersistenceManager.swift in Sources */,
				FEF1437E2B968DF9009423BF /* GFSecondaryTitleLabel.swift in Sources */,
				FEF3E3AA2B83CC8F006F2A65 /* GFEmptyStateView.swift in Sources */,
				FEE85B3C2B7E9AD500780317 /* NetworkManager.swift in Sources */,
				FEE85B282B7D7C9900780317 /* FollowerListVC.swift in Sources */,
				FEE85B0A2B7BC28900780317 /* AppDelegate.swift in Sources */,
				FEE85B0C2B7BC28900780317 /* SceneDelegate.swift in Sources */,
				FEE6E9B32B99DC7600B28646 /* GFRepoItemVC.swift in Sources */,
				FEF1437A2B962E30009423BF /* UserInfoVC.swift in Sources */,
			);
			runOnlyForDeploymentPostprocessing = 0;
		};
/* End PBXSourcesBuildPhase section */

/* Begin PBXVariantGroup section */
		FEE85B142B7BC28B00780317 /* LaunchScreen.storyboard */ = {
			isa = PBXVariantGroup;
			children = (
				FEE85B152B7BC28B00780317 /* Base */,
			);
			name = LaunchScreen.storyboard;
			sourceTree = "<group>";
		};
/* End PBXVariantGroup section */

/* Begin XCBuildConfiguration section */
		FEE85B182B7BC28B00780317 /* Debug */ = {
			isa = XCBuildConfiguration;
			buildSettings = {
				ALWAYS_SEARCH_USER_PATHS = NO;
				ASSETCATALOG_COMPILER_GENERATE_SWIFT_ASSET_SYMBOL_EXTENSIONS = YES;
				CLANG_ANALYZER_NONNULL = YES;
				CLANG_ANALYZER_NUMBER_OBJECT_CONVERSION = YES_AGGRESSIVE;
				CLANG_CXX_LANGUAGE_STANDARD = "gnu++20";
				CLANG_ENABLE_MODULES = YES;
				CLANG_ENABLE_OBJC_ARC = YES;
				CLANG_ENABLE_OBJC_WEAK = YES;
				CLANG_WARN_BLOCK_CAPTURE_AUTORELEASING = YES;
				CLANG_WARN_BOOL_CONVERSION = YES;
				CLANG_WARN_COMMA = YES;
				CLANG_WARN_CONSTANT_CONVERSION = YES;
				CLANG_WARN_DEPRECATED_OBJC_IMPLEMENTATIONS = YES;
				CLANG_WARN_DIRECT_OBJC_ISA_USAGE = YES_ERROR;
				CLANG_WARN_DOCUMENTATION_COMMENTS = YES;
				CLANG_WARN_EMPTY_BODY = YES;
				CLANG_WARN_ENUM_CONVERSION = YES;
				CLANG_WARN_INFINITE_RECURSION = YES;
				CLANG_WARN_INT_CONVERSION = YES;
				CLANG_WARN_NON_LITERAL_NULL_CONVERSION = YES;
				CLANG_WARN_OBJC_IMPLICIT_RETAIN_SELF = YES;
				CLANG_WARN_OBJC_LITERAL_CONVERSION = YES;
				CLANG_WARN_OBJC_ROOT_CLASS = YES_ERROR;
				CLANG_WARN_QUOTED_INCLUDE_IN_FRAMEWORK_HEADER = YES;
				CLANG_WARN_RANGE_LOOP_ANALYSIS = YES;
				CLANG_WARN_STRICT_PROTOTYPES = YES;
				CLANG_WARN_SUSPICIOUS_MOVE = YES;
				CLANG_WARN_UNGUARDED_AVAILABILITY = YES_AGGRESSIVE;
				CLANG_WARN_UNREACHABLE_CODE = YES;
				CLANG_WARN__DUPLICATE_METHOD_MATCH = YES;
				COPY_PHASE_STRIP = NO;
				DEBUG_INFORMATION_FORMAT = dwarf;
				ENABLE_STRICT_OBJC_MSGSEND = YES;
				ENABLE_TESTABILITY = YES;
				ENABLE_USER_SCRIPT_SANDBOXING = YES;
				GCC_C_LANGUAGE_STANDARD = gnu17;
				GCC_DYNAMIC_NO_PIC = NO;
				GCC_NO_COMMON_BLOCKS = YES;
				GCC_OPTIMIZATION_LEVEL = 0;
				GCC_PREPROCESSOR_DEFINITIONS = (
					"DEBUG=1",
					"$(inherited)",
				);
				GCC_WARN_64_TO_32_BIT_CONVERSION = YES;
				GCC_WARN_ABOUT_RETURN_TYPE = YES_ERROR;
				GCC_WARN_UNDECLARED_SELECTOR = YES;
				GCC_WARN_UNINITIALIZED_AUTOS = YES_AGGRESSIVE;
				GCC_WARN_UNUSED_FUNCTION = YES;
				GCC_WARN_UNUSED_VARIABLE = YES;
				IPHONEOS_DEPLOYMENT_TARGET = 17.2;
				LOCALIZATION_PREFERS_STRING_CATALOGS = YES;
				MTL_ENABLE_DEBUG_INFO = INCLUDE_SOURCE;
				MTL_FAST_MATH = YES;
				ONLY_ACTIVE_ARCH = YES;
				SDKROOT = iphoneos;
				SWIFT_ACTIVE_COMPILATION_CONDITIONS = "DEBUG $(inherited)";
				SWIFT_OPTIMIZATION_LEVEL = "-Onone";
			};
			name = Debug;
		};
		FEE85B192B7BC28B00780317 /* Release */ = {
			isa = XCBuildConfiguration;
			buildSettings = {
				ALWAYS_SEARCH_USER_PATHS = NO;
				ASSETCATALOG_COMPILER_GENERATE_SWIFT_ASSET_SYMBOL_EXTENSIONS = YES;
				CLANG_ANALYZER_NONNULL = YES;
				CLANG_ANALYZER_NUMBER_OBJECT_CONVERSION = YES_AGGRESSIVE;
				CLANG_CXX_LANGUAGE_STANDARD = "gnu++20";
				CLANG_ENABLE_MODULES = YES;
				CLANG_ENABLE_OBJC_ARC = YES;
				CLANG_ENABLE_OBJC_WEAK = YES;
				CLANG_WARN_BLOCK_CAPTURE_AUTORELEASING = YES;
				CLANG_WARN_BOOL_CONVERSION = YES;
				CLANG_WARN_COMMA = YES;
				CLANG_WARN_CONSTANT_CONVERSION = YES;
				CLANG_WARN_DEPRECATED_OBJC_IMPLEMENTATIONS = YES;
				CLANG_WARN_DIRECT_OBJC_ISA_USAGE = YES_ERROR;
				CLANG_WARN_DOCUMENTATION_COMMENTS = YES;
				CLANG_WARN_EMPTY_BODY = YES;
				CLANG_WARN_ENUM_CONVERSION = YES;
				CLANG_WARN_INFINITE_RECURSION = YES;
				CLANG_WARN_INT_CONVERSION = YES;
				CLANG_WARN_NON_LITERAL_NULL_CONVERSION = YES;
				CLANG_WARN_OBJC_IMPLICIT_RETAIN_SELF = YES;
				CLANG_WARN_OBJC_LITERAL_CONVERSION = YES;
				CLANG_WARN_OBJC_ROOT_CLASS = YES_ERROR;
				CLANG_WARN_QUOTED_INCLUDE_IN_FRAMEWORK_HEADER = YES;
				CLANG_WARN_RANGE_LOOP_ANALYSIS = YES;
				CLANG_WARN_STRICT_PROTOTYPES = YES;
				CLANG_WARN_SUSPICIOUS_MOVE = YES;
				CLANG_WARN_UNGUARDED_AVAILABILITY = YES_AGGRESSIVE;
				CLANG_WARN_UNREACHABLE_CODE = YES;
				CLANG_WARN__DUPLICATE_METHOD_MATCH = YES;
				COPY_PHASE_STRIP = NO;
				DEBUG_INFORMATION_FORMAT = "dwarf-with-dsym";
				ENABLE_NS_ASSERTIONS = NO;
				ENABLE_STRICT_OBJC_MSGSEND = YES;
				ENABLE_USER_SCRIPT_SANDBOXING = YES;
				GCC_C_LANGUAGE_STANDARD = gnu17;
				GCC_NO_COMMON_BLOCKS = YES;
				GCC_WARN_64_TO_32_BIT_CONVERSION = YES;
				GCC_WARN_ABOUT_RETURN_TYPE = YES_ERROR;
				GCC_WARN_UNDECLARED_SELECTOR = YES;
				GCC_WARN_UNINITIALIZED_AUTOS = YES_AGGRESSIVE;
				GCC_WARN_UNUSED_FUNCTION = YES;
				GCC_WARN_UNUSED_VARIABLE = YES;
				IPHONEOS_DEPLOYMENT_TARGET = 17.2;
				LOCALIZATION_PREFERS_STRING_CATALOGS = YES;
				MTL_ENABLE_DEBUG_INFO = NO;
				MTL_FAST_MATH = YES;
				SDKROOT = iphoneos;
				SWIFT_COMPILATION_MODE = wholemodule;
				VALIDATE_PRODUCT = YES;
			};
			name = Release;
		};
		FEE85B1B2B7BC28B00780317 /* Debug */ = {
			isa = XCBuildConfiguration;
			buildSettings = {
				ASSETCATALOG_COMPILER_APPICON_NAME = AppIcon;
				ASSETCATALOG_COMPILER_GLOBAL_ACCENT_COLOR_NAME = AccentColor;
				CODE_SIGN_STYLE = Automatic;
				CURRENT_PROJECT_VERSION = 1;
				DEVELOPMENT_TEAM = 4Z458N49ZH;
				GENERATE_INFOPLIST_FILE = YES;
				INFOPLIST_FILE = GitHubFollowers/Info.plist;
				INFOPLIST_KEY_UIApplicationSupportsIndirectInputEvents = YES;
				INFOPLIST_KEY_UILaunchStoryboardName = LaunchScreen;
				INFOPLIST_KEY_UISupportedInterfaceOrientations = "UIInterfaceOrientationLandscapeLeft UIInterfaceOrientationLandscapeRight UIInterfaceOrientationPortrait";
				INFOPLIST_KEY_UISupportedInterfaceOrientations_iPad = "UIInterfaceOrientationPortrait UIInterfaceOrientationPortraitUpsideDown";
				LD_RUNPATH_SEARCH_PATHS = (
					"$(inherited)",
					"@executable_path/Frameworks",
				);
				MARKETING_VERSION = 1.0;
				PRODUCT_BUNDLE_IDENTIFIER = com.pawelrudnik.GitHubFollowers;
				PRODUCT_NAME = "$(TARGET_NAME)";
				SWIFT_EMIT_LOC_STRINGS = YES;
				SWIFT_VERSION = 5.0;
				TARGETED_DEVICE_FAMILY = "1,2";
			};
			name = Debug;
		};
		FEE85B1C2B7BC28B00780317 /* Release */ = {
			isa = XCBuildConfiguration;
			buildSettings = {
				ASSETCATALOG_COMPILER_APPICON_NAME = AppIcon;
				ASSETCATALOG_COMPILER_GLOBAL_ACCENT_COLOR_NAME = AccentColor;
				CODE_SIGN_STYLE = Automatic;
				CURRENT_PROJECT_VERSION = 1;
				DEVELOPMENT_TEAM = 4Z458N49ZH;
				GENERATE_INFOPLIST_FILE = YES;
				INFOPLIST_FILE = GitHubFollowers/Info.plist;
				INFOPLIST_KEY_UIApplicationSupportsIndirectInputEvents = YES;
				INFOPLIST_KEY_UILaunchStoryboardName = LaunchScreen;
				INFOPLIST_KEY_UISupportedInterfaceOrientations = "UIInterfaceOrientationLandscapeLeft UIInterfaceOrientationLandscapeRight UIInterfaceOrientationPortrait";
				INFOPLIST_KEY_UISupportedInterfaceOrientations_iPad = "UIInterfaceOrientationPortrait UIInterfaceOrientationPortraitUpsideDown";
				LD_RUNPATH_SEARCH_PATHS = (
					"$(inherited)",
					"@executable_path/Frameworks",
				);
				MARKETING_VERSION = 1.0;
				PRODUCT_BUNDLE_IDENTIFIER = com.pawelrudnik.GitHubFollowers;
				PRODUCT_NAME = "$(TARGET_NAME)";
				SWIFT_EMIT_LOC_STRINGS = YES;
				SWIFT_VERSION = 5.0;
				TARGETED_DEVICE_FAMILY = "1,2";
			};
			name = Release;
		};
/* End XCBuildConfiguration section */

/* Begin XCConfigurationList section */
		FEE85B012B7BC28900780317 /* Build configuration list for PBXProject "GitHubFollowers" */ = {
			isa = XCConfigurationList;
			buildConfigurations = (
				FEE85B182B7BC28B00780317 /* Debug */,
				FEE85B192B7BC28B00780317 /* Release */,
			);
			defaultConfigurationIsVisible = 0;
			defaultConfigurationName = Release;
		};
		FEE85B1A2B7BC28B00780317 /* Build configuration list for PBXNativeTarget "GitHubFollowers" */ = {
			isa = XCConfigurationList;
			buildConfigurations = (
				FEE85B1B2B7BC28B00780317 /* Debug */,
				FEE85B1C2B7BC28B00780317 /* Release */,
			);
			defaultConfigurationIsVisible = 0;
			defaultConfigurationName = Release;
		};
/* End XCConfigurationList section */
	};
	rootObject = FEE85AFE2B7BC28900780317 /* Project object */;
}
